github.com/go-chi/chi/v5 v5.3.0 h1:halUjDxhshgXHMrao5bB8eNBXo/rnzwr8m5m36glehM=
github.com/go-chi/chi/v5 v5.3.0/go.mod h1:R+tYY2hNuVUUjxoPtqUdgBqevM9s9njzkTLutVsOCto=
github.com/maldikhan/go.socket.io v0.1.1 h1:4yNNZRwbdcpw6NyXSXyLiQOMzNEXJyKsUZKaMihkRi0=
github.com/maldikhan/go.socket.io v0.1.1/go.mod h1:H1EoWDJvqfV2WryM8F9og6ZkH7NsZDlHr0BRkKb58tY=
golang.org/x/net v0.33.0 h1:74SYHlV8BIgHIFC/LrYkOGIwL19eTYXQ5wc6TBuO36I=
golang.org/x/net v0.33.0/go.mod h1:HXLR5J+9DxmrqMwG9qjGCxZ+zKXxBru04zlTvWlWuN4=
